
Microsoft Visual Studio Solution File, Format Version 11.00
# Visual Studio 2010
Project("{FAE04EC0-301F-11D3-BF4B-00C04F79EFBC}") = "GitHelloWorld", "GitHelloWorld\GitHelloWorld.csproj", "{BCB6ADB3-5008-4D78-A9C7-8BA3460C2879}"
EndProject
Global
	GlobalSection(SolutionConfigurationPlatforms) = preSolution
		Debug|x86 = Debug|x86
		Release|x86 = Release|x86
	EndGlobalSection
	GlobalSection(ProjectConfigurationPlatforms) = postSolution
		{BCB6ADB3-5008-4D78-A9C7-8BA3460C2879}.Debug|x86.ActiveCfg = Debug|x86
		{BCB6ADB3-5008-4D78-A9C7-8BA3460C2879}.Debug|x86.Build.0 = Debug|x86
		{BCB6ADB3-5008-4D78-A9C7-8BA3460C2879}.Release|x86.ActiveCfg = Release|x86
		{BCB6ADB3-5008-4D78-A9C7-8BA3460C2879}.Release|x86.Build.0 = Release|x86
	EndGlobalSection
	GlobalSection(SolutionProperties) = preSolution
		HideSolutionNode = FALSE
	EndGlobalSection
EndGlobal
